
Microsoft Visual Studio Solution File, Format Version 12.00
# Visual Studio 2012
Project("{8BC9CEB9-8B4A-11D0-8D11-00A0C91BC942}") = "Parse.Unity", "Parse.Unity.dll", "{80F3999C-D0B5-43BB-8550-2A9E279B987B}"
	ProjectSection(MonoDevelopProperties) = preProject
		name = Parse.Unity
		Configurations = $0
		$0.Configuration = $1
		$1.name = Default
		$1.OutputPath = .\
		$1.ctype = ProjectConfiguration
	EndProjectSection
EndProject
Global
	GlobalSection(SolutionConfigurationPlatforms) = preSolution
		Default|Any CPU = Default|Any CPU
	EndGlobalSection
	GlobalSection(ProjectConfigurationPlatforms) = postSolution
		{80F3999C-D0B5-43BB-8550-2A9E279B987B}.Default|Any CPU.ActiveCfg = Default|Any CPU
		{80F3999C-D0B5-43BB-8550-2A9E279B987B}.Default|Any CPU.Build.0 = Default|Any CPU
	EndGlobalSection
EndGlobal
